
Microsoft Visual Studio Solution File, Format Version 12.00
# Visual Studio Version 16
VisualStudioVersion = 16.0.29306.81
MinimumVisualStudioVersion = 10.0.40219.1
Project("{FAE04EC0-301F-11D3-BF4B-00C04F79EFBC}") = "EjemploSingleton", "EjemploSingleton\EjemploSingleton.csproj", "{64252032-8E82-426B-86CA-0E33216A487E}"
EndProject
Global
	GlobalSection(SolutionConfigurationPlatforms) = preSolution
		Debug|Any CPU = Debug|Any CPU
		Release|Any CPU = Release|Any CPU
	EndGlobalSection
	GlobalSection(ProjectConfigurationPlatforms) = postSolution
		{64252032-8E82-426B-86CA-0E33216A487E}.Debug|Any CPU.ActiveCfg = Debug|Any CPU
		{64252032-8E82-426B-86CA-0E33216A487E}.Debug|Any CPU.Build.0 = Debug|Any CPU
		{64252032-8E82-426B-86CA-0E33216A487E}.Release|Any CPU.ActiveCfg = Release|Any CPU
		{64252032-8E82-426B-86CA-0E33216A487E}.Release|Any CPU.Build.0 = Release|Any CPU
	EndGlobalSection
	GlobalSection(SolutionProperties) = preSolution
		HideSolutionNode = FALSE
	EndGlobalSection
	GlobalSection(ExtensibilityGlobals) = postSolution
		SolutionGuid = {16D5D413-8E07-438B-B4AC-068494809B8F}
	EndGlobalSection
EndGlobal
